
Microsoft Visual Studio Solution File, Format Version 12.00
# Visual Studio Version 16
VisualStudioVersion = 16.0.30523.141
MinimumVisualStudioVersion = 10.0.40219.1
Project("{8BC9CEB8-8B4A-11D0-8D11-00A0C91BC942}") = "Project9.2.b", "Project9.2.b\Project9.2.b.vcxproj", "{FE29CBF9-AFB8-433F-9034-BC87B669FD95}"
EndProject
Project("{8BC9CEB8-8B4A-11D0-8D11-00A0C91BC942}") = "UnitTest9.2b", "UnitTest9.2b\UnitTest9.2b.vcxproj", "{CD8E7259-0A0F-44FF-A032-96F9E27E1935}"
EndProject
Global
	GlobalSection(SolutionConfigurationPlatforms) = preSolution
		Debug|x64 = Debug|x64
		Debug|x86 = Debug|x86
		Release|x64 = Release|x64
		Release|x86 = Release|x86
	EndGlobalSection
	GlobalSection(ProjectConfigurationPlatforms) = postSolution
		{FE29CBF9-AFB8-433F-9034-BC87B669FD95}.Debug|x64.ActiveCfg = Debug|x64
		{FE29CBF9-AFB8-433F-9034-BC87B669FD95}.Debug|x64.Build.0 = Debug|x64
		{FE29CBF9-AFB8-433F-9034-BC87B669FD95}.Debug|x86.ActiveCfg = Debug|Win32
		{FE29CBF9-AFB8-433F-9034-BC87B669FD95}.Debug|x86.Build.0 = Debug|Win32
		{FE29CBF9-AFB8-433F-9034-BC87B669FD95}.Release|x64.ActiveCfg = Release|x64
		{FE29CBF9-AFB8-433F-9034-BC87B669FD95}.Release|x64.Build.0 = Release|x64
		{FE29CBF9-AFB8-433F-9034-BC87B669FD95}.Release|x86.ActiveCfg = Release|Win32
		{FE29CBF9-AFB8-433F-9034-BC87B669FD95}.Release|x86.Build.0 = Release|Win32
		{CD8E7259-0A0F-44FF-A032-96F9E27E1935}.Debug|x64.ActiveCfg = Debug|x64
		{CD8E7259-0A0F-44FF-A032-96F9E27E1935}.Debug|x64.Build.0 = Debug|x64
		{CD8E7259-0A0F-44FF-A032-96F9E27E1935}.Debug|x86.ActiveCfg = Debug|Win32
		{CD8E7259-0A0F-44FF-A032-96F9E27E1935}.Debug|x86.Build.0 = Debug|Win32
		{CD8E7259-0A0F-44FF-A032-96F9E27E1935}.Release|x64.ActiveCfg = Release|x64
		{CD8E7259-0A0F-44FF-A032-96F9E27E1935}.Release|x64.Build.0 = Release|x64
		{CD8E7259-0A0F-44FF-A032-96F9E27E1935}.Release|x86.ActiveCfg = Release|Win32
		{CD8E7259-0A0F-44FF-A032-96F9E27E1935}.Release|x86.Build.0 = Release|Win32
	EndGlobalSection
	GlobalSection(SolutionProperties) = preSolution
		HideSolutionNode = FALSE
	EndGlobalSection
	GlobalSection(ExtensibilityGlobals) = postSolution
		SolutionGuid = {CC25ABB0-4C5D-4B78-A084-0FA76E530F7B}
	EndGlobalSection
EndGlobal
